
Microsoft Visual Studio Solution File, Format Version 12.00
# Visual Studio Version 17
VisualStudioVersion = 17.1.32210.238
MinimumVisualStudioVersion = 10.0.40219.1
Project("{FAE04EC0-301F-11D3-BF4B-00C04F79EFBC}") = "EditPdf", "EditPdf\EditPdf.csproj", "{5927FA10-4911-4009-9E6E-757656DCE2E5}"
EndProject
Global
	GlobalSection(SolutionConfigurationPlatforms) = preSolution
		Debug|Any CPU = Debug|Any CPU
		Release|Any CPU = Release|Any CPU
	EndGlobalSection
	GlobalSection(ProjectConfigurationPlatforms) = postSolution
		{5927FA10-4911-4009-9E6E-757656DCE2E5}.Debug|Any CPU.ActiveCfg = Debug|Any CPU
		{5927FA10-4911-4009-9E6E-757656DCE2E5}.Debug|Any CPU.Build.0 = Debug|Any CPU
		{5927FA10-4911-4009-9E6E-757656DCE2E5}.Release|Any CPU.ActiveCfg = Release|Any CPU
		{5927FA10-4911-4009-9E6E-757656DCE2E5}.Release|Any CPU.Build.0 = Release|Any CPU
	EndGlobalSection
	GlobalSection(SolutionProperties) = preSolution
		HideSolutionNode = FALSE
	EndGlobalSection
	GlobalSection(ExtensibilityGlobals) = postSolution
		SolutionGuid = {17139DA0-BC6D-4D81-98DA-704C5504CB87}
	EndGlobalSection
EndGlobal
